
Microsoft Visual Studio Solution File, Format Version 12.00
# Visual Studio Version 17
VisualStudioVersion = 17.10.35013.160
MinimumVisualStudioVersion = 10.0.40219.1
Project("{FAE04EC0-301F-11D3-BF4B-00C04F79EFBC}") = "EventManagement.Web", "EventManagement.Web\EventManagement.Web.csproj", "{1B69F801-033B-4961-952E-56307D846DC5}"
EndProject
Global
	GlobalSection(SolutionConfigurationPlatforms) = preSolution
		Debug|Any CPU = Debug|Any CPU
		Release|Any CPU = Release|Any CPU
	EndGlobalSection
	GlobalSection(ProjectConfigurationPlatforms) = postSolution
		{1B69F801-033B-4961-952E-56307D846DC5}.Debug|Any CPU.ActiveCfg = Debug|Any CPU
		{1B69F801-033B-4961-952E-56307D846DC5}.Debug|Any CPU.Build.0 = Debug|Any CPU
		{1B69F801-033B-4961-952E-56307D846DC5}.Release|Any CPU.ActiveCfg = Release|Any CPU
		{1B69F801-033B-4961-952E-56307D846DC5}.Release|Any CPU.Build.0 = Release|Any CPU
	EndGlobalSection
	GlobalSection(SolutionProperties) = preSolution
		HideSolutionNode = FALSE
	EndGlobalSection
	GlobalSection(ExtensibilityGlobals) = postSolution
		SolutionGuid = {D7F8F70F-3A32-448A-8050-41AD82D5E08D}
	EndGlobalSection
EndGlobal
